
Microsoft Visual Studio Solution File, Format Version 12.00
# Visual Studio 15
VisualStudioVersion = 15.0.27703.2035
MinimumVisualStudioVersion = 10.0.40219.1
Project("{FAE04EC0-301F-11D3-BF4B-00C04F79EFBC}") = "XUnitTestingPOC", "XUnitTestingPOC\XUnitTestingPOC.csproj", "{4634D44A-6F42-46FE-9512-766984183B93}"
EndProject
Project("{FAE04EC0-301F-11D3-BF4B-00C04F79EFBC}") = "XUnitTests", "XUnitTests\XUnitTests.csproj", "{74585F8F-8C88-45EA-8848-120B201F60C5}"
EndProject
Global
	GlobalSection(SolutionConfigurationPlatforms) = preSolution
		Debug|Any CPU = Debug|Any CPU
		Release|Any CPU = Release|Any CPU
	EndGlobalSection
	GlobalSection(ProjectConfigurationPlatforms) = postSolution
		{4634D44A-6F42-46FE-9512-766984183B93}.Debug|Any CPU.ActiveCfg = Debug|Any CPU
		{4634D44A-6F42-46FE-9512-766984183B93}.Debug|Any CPU.Build.0 = Debug|Any CPU
		{4634D44A-6F42-46FE-9512-766984183B93}.Release|Any CPU.ActiveCfg = Release|Any CPU
		{4634D44A-6F42-46FE-9512-766984183B93}.Release|Any CPU.Build.0 = Release|Any CPU
		{74585F8F-8C88-45EA-8848-120B201F60C5}.Debug|Any CPU.ActiveCfg = Debug|Any CPU
		{74585F8F-8C88-45EA-8848-120B201F60C5}.Debug|Any CPU.Build.0 = Debug|Any CPU
		{74585F8F-8C88-45EA-8848-120B201F60C5}.Release|Any CPU.ActiveCfg = Release|Any CPU
		{74585F8F-8C88-45EA-8848-120B201F60C5}.Release|Any CPU.Build.0 = Release|Any CPU
	EndGlobalSection
	GlobalSection(SolutionProperties) = preSolution
		HideSolutionNode = FALSE
	EndGlobalSection
	GlobalSection(ExtensibilityGlobals) = postSolution
		SolutionGuid = {AC75F7F5-912D-4162-888E-B432F2582F0D}
	EndGlobalSection
EndGlobal
